
Microsoft Visual Studio Solution File, Format Version 12.00
# Visual Studio Version 16
VisualStudioVersion = 16.0.31005.135
MinimumVisualStudioVersion = 10.0.40219.1
Project("{FAE04EC0-301F-11D3-BF4B-00C04F79EFBC}") = "Time-Converter", "Time-Converter.csproj", "{29125452-265C-4E3D-B9E8-D3CECFB8593E}"
EndProject
Global
	GlobalSection(SolutionConfigurationPlatforms) = preSolution
		Debug|Any CPU = Debug|Any CPU
		Release|Any CPU = Release|Any CPU
	EndGlobalSection
	GlobalSection(ProjectConfigurationPlatforms) = postSolution
		{29125452-265C-4E3D-B9E8-D3CECFB8593E}.Debug|Any CPU.ActiveCfg = Debug|Any CPU
		{29125452-265C-4E3D-B9E8-D3CECFB8593E}.Debug|Any CPU.Build.0 = Debug|Any CPU
		{29125452-265C-4E3D-B9E8-D3CECFB8593E}.Release|Any CPU.ActiveCfg = Release|Any CPU
		{29125452-265C-4E3D-B9E8-D3CECFB8593E}.Release|Any CPU.Build.0 = Release|Any CPU
	EndGlobalSection
	GlobalSection(SolutionProperties) = preSolution
		HideSolutionNode = FALSE
	EndGlobalSection
	GlobalSection(ExtensibilityGlobals) = postSolution
		SolutionGuid = {2170A8FB-C461-4AC4-8C44-9DF9A4A1416F}
	EndGlobalSection
EndGlobal
