
Microsoft Visual Studio Solution File, Format Version 12.00
# Visual Studio Version 16
VisualStudioVersion = 16.0.31005.135
MinimumVisualStudioVersion = 10.0.40219.1
Project("{FAE04EC0-301F-11D3-BF4B-00C04F79EFBC}") = "task-1-calculator", "task-1-calculator.csproj", "{D4EA8F48-1EB0-4354-91A7-8B82183596BB}"
EndProject
Global
	GlobalSection(SolutionConfigurationPlatforms) = preSolution
		Debug|Any CPU = Debug|Any CPU
		Release|Any CPU = Release|Any CPU
	EndGlobalSection
	GlobalSection(ProjectConfigurationPlatforms) = postSolution
		{D4EA8F48-1EB0-4354-91A7-8B82183596BB}.Debug|Any CPU.ActiveCfg = Debug|Any CPU
		{D4EA8F48-1EB0-4354-91A7-8B82183596BB}.Debug|Any CPU.Build.0 = Debug|Any CPU
		{D4EA8F48-1EB0-4354-91A7-8B82183596BB}.Release|Any CPU.ActiveCfg = Release|Any CPU
		{D4EA8F48-1EB0-4354-91A7-8B82183596BB}.Release|Any CPU.Build.0 = Release|Any CPU
	EndGlobalSection
	GlobalSection(SolutionProperties) = preSolution
		HideSolutionNode = FALSE
	EndGlobalSection
	GlobalSection(ExtensibilityGlobals) = postSolution
		SolutionGuid = {A1118520-2AB1-4099-9F2B-E7BFCB90FEC7}
	EndGlobalSection
EndGlobal
